
Microsoft Visual Studio Solution File, Format Version 12.00
# Visual Studio 15
VisualStudioVersion = 15.0.27703.2047
MinimumVisualStudioVersion = 10.0.40219.1
Project("{FAE04EC0-301F-11D3-BF4B-00C04F79EFBC}") = "githubcommit", "githubcommit\githubcommit.csproj", "{9ED7CBBA-EA83-4215-926F-A5F1205C6EEE}"
EndProject
Global
	GlobalSection(SolutionConfigurationPlatforms) = preSolution
		Debug|Any CPU = Debug|Any CPU
		Release|Any CPU = Release|Any CPU
	EndGlobalSection
	GlobalSection(ProjectConfigurationPlatforms) = postSolution
		{9ED7CBBA-EA83-4215-926F-A5F1205C6EEE}.Debug|Any CPU.ActiveCfg = Debug|Any CPU
		{9ED7CBBA-EA83-4215-926F-A5F1205C6EEE}.Debug|Any CPU.Build.0 = Debug|Any CPU
		{9ED7CBBA-EA83-4215-926F-A5F1205C6EEE}.Release|Any CPU.ActiveCfg = Release|Any CPU
		{9ED7CBBA-EA83-4215-926F-A5F1205C6EEE}.Release|Any CPU.Build.0 = Release|Any CPU
	EndGlobalSection
	GlobalSection(SolutionProperties) = preSolution
		HideSolutionNode = FALSE
	EndGlobalSection
	GlobalSection(ExtensibilityGlobals) = postSolution
		SolutionGuid = {4EEBC000-29C0-4BE8-B101-6F18154912A5}
	EndGlobalSection
EndGlobal
